version = 1
requires-python = ">=3.11"
resolution-markers = [
    "python_full_version < '3.13'",
    "python_full_version >= '3.13'",
]

[[package]]
name = "annotated-types"
version = "0.7.0"
source = { registry = "https://pypi.org/simple" }
sdist = { url = "https://files.pythonhosted.org/packages/ee/67/531ea369ba64dcff5ec9c3402f9f51bf748cec26dde048a2f973a4eea7f5/annotated_types-0.7.0.tar.gz", hash = "sha256:aff07c09a53a08bc8cfccb9c85b05f1aa9a2a6f23728d790723543408344ce89", size = 16081 }
wheels = [
    { url = "https://files.pythonhosted.org/packages/78/b6/6307fbef88d9b5ee7421e68d78a9f162e0da4900bc5f5793f6d3d0e34fb8/annotated_types-0.7.0-py3-none-any.whl", hash = "sha256:1f02e8b43a8fbbc3f3e0d4f0f4bfc8131bcb4eebe8849b8e5c773f3a1c582a53", size = 13643 },
]

[[package]]
name = "anyio"
version = "4.4.0"
source = { registry = "https://pypi.org/simple" }
dependencies = [
    { name = "idna" },
    { name = "sniffio" },
]
sdist = { url = "https://files.pythonhosted.org/packages/e6/e3/c4c8d473d6780ef1853d630d581f70d655b4f8d7553c6997958c283039a2/anyio-4.4.0.tar.gz", hash = "sha256:5aadc6a1bbb7cdb0bede386cac5e2940f5e2ff3aa20277e991cf028e0585ce94", size = 163930 }
wheels = [
    { url = "https://files.pythonhosted.org/packages/7b/a2/10639a79341f6c019dedc95bd48a4928eed9f1d1197f4c04f546fc7ae0ff/anyio-4.4.0-py3-none-any.whl", hash = "sha256:c1b2d8f46a8a812513012e1107cb0e68c17159a7a594208005a57dc776e1bdc7", size = 86780 },
]

[[package]]
name = "async-timeout"
version = "4.0.3"
source = { registry = "https://pypi.org/simple" }
sdist = { url = "https://files.pythonhosted.org/packages/87/d6/21b30a550dafea84b1b8eee21b5e23fa16d010ae006011221f33dcd8d7f8/async-timeout-4.0.3.tar.gz", hash = "sha256:4640d96be84d82d02ed59ea2b7105a0f7b33abe8703703cd0ab0bf87c427522f", size = 8345 }
wheels = [
    { url = "https://files.pythonhosted.org/packages/a7/fa/e01228c2938de91d47b307831c62ab9e4001e747789d0b05baf779a6488c/async_timeout-4.0.3-py3-none-any.whl", hash = "sha256:7405140ff1230c310e51dc27b3145b9092d659ce68ff733fb0cefe3ee42be028", size = 5721 },
]

[[package]]
name = "click"
version = "8.1.7"
source = { registry = "https://pypi.org/simple" }
dependencies = [
    { name = "colorama", marker = "platform_system == 'Windows'" },
]
sdist = { url = "https://files.pythonhosted.org/packages/96/d3/f04c7bfcf5c1862a2a5b845c6b2b360488cf47af55dfa79c98f6a6bf98b5/click-8.1.7.tar.gz", hash = "sha256:ca9853ad459e787e2192211578cc907e7594e294c7ccc834310722b41b9ca6de", size = 336121 }
wheels = [
    { url = "https://files.pythonhosted.org/packages/00/2e/d53fa4befbf2cfa713304affc7ca780ce4fc1fd8710527771b58311a3229/click-8.1.7-py3-none-any.whl", hash = "sha256:ae74fb96c20a0277a1d615f1e4d73c8414f5a98db8b799a7931d1582f3390c28", size = 97941 },
]

[[package]]
name = "colorama"
version = "0.4.6"
source = { registry = "https://pypi.org/simple" }
sdist = { url = "https://files.pythonhosted.org/packages/d8/53/6f443c9a4a8358a93a6792e2acffb9d9d5cb0a5cfd8802644b7b1c9a02e4/colorama-0.4.6.tar.gz", hash = "sha256:08695f5cb7ed6e0531a20572697297273c47b8cae5a63ffc6d6ed5c201be6e44", size = 27697 }
wheels = [
    { url = "https://files.pythonhosted.org/packages/d1/d6/3965ed04c63042e047cb6a3e6ed1a63a35087b6a609aa3a15ed8ac56c221/colorama-0.4.6-py2.py3-none-any.whl", hash = "sha256:4f1d9991f5acc0ca119f9d443620b77f9d6b33703e51011c16baf57afb285fc6", size = 25335 },
]

[[package]]
name = "differ-api"
version = "0.1.0"
source = { editable = "." }
dependencies = [
    { name = "email-validator" },
    { name = "fastapi" },
    { name = "redis" },
    { name = "uvicorn" },
]

[package.metadata]
requires-dist = [
    { name = "email-validator", specifier = ">=2.2.0" },
    { name = "fastapi", specifier = ">=0.114.0" },
    { name = "redis", specifier = ">=5.0.8" },
    { name = "uvicorn", specifier = ">=0.30.6" },
]

[[package]]
name = "dnspython"
version = "2.6.1"
source = { registry = "https://pypi.org/simple" }
sdist = { url = "https://files.pythonhosted.org/packages/37/7d/c871f55054e403fdfd6b8f65fd6d1c4e147ed100d3e9f9ba1fe695403939/dnspython-2.6.1.tar.gz", hash = "sha256:e8f0f9c23a7b7cb99ded64e6c3a6f3e701d78f50c55e002b839dea7225cff7cc", size = 332727 }
wheels = [
    { url = "https://files.pythonhosted.org/packages/87/a1/8c5287991ddb8d3e4662f71356d9656d91ab3a36618c3dd11b280df0d255/dnspython-2.6.1-py3-none-any.whl", hash = "sha256:5ef3b9680161f6fa89daf8ad451b5f1a33b18ae8a1c6778cdf4b43f08c0a6e50", size = 307696 },
]

[[package]]
name = "email-validator"
version = "2.2.0"
source = { registry = "https://pypi.org/simple" }
dependencies = [
    { name = "dnspython" },
    { name = "idna" },
]
sdist = { url = "https://files.pythonhosted.org/packages/48/ce/13508a1ec3f8bb981ae4ca79ea40384becc868bfae97fd1c942bb3a001b1/email_validator-2.2.0.tar.gz", hash = "sha256:cb690f344c617a714f22e66ae771445a1ceb46821152df8e165c5f9a364582b7", size = 48967 }
wheels = [
    { url = "https://files.pythonhosted.org/packages/d7/ee/bf0adb559ad3c786f12bcbc9296b3f5675f529199bef03e2df281fa1fadb/email_validator-2.2.0-py3-none-any.whl", hash = "sha256:561977c2d73ce3611850a06fa56b414621e0c8faa9d66f2611407d87465da631", size = 33521 },
]

[[package]]
name = "fastapi"
version = "0.114.0"
source = { registry = "https://pypi.org/simple" }
dependencies = [
    { name = "pydantic" },
    { name = "starlette" },
    { name = "typing-extensions" },
]
sdist = { url = "https://files.pythonhosted.org/packages/20/1b/fb621a3bab915ac1c9ad06943eb5a2b2aa01cd63228d524bd45261278787/fastapi-0.114.0.tar.gz", hash = "sha256:9908f2a5cc733004de6ca5e1412698f35085cefcbfd41d539245b9edf87b73c1", size = 295297 }
wheels = [
    { url = "https://files.pythonhosted.org/packages/d0/80/17037f322c280efbc623e341358d38d0299c6ee899d619a879b3593aa6da/fastapi-0.114.0-py3-none-any.whl", hash = "sha256:fee75aa1b1d3d73f79851c432497e4394e413e1dece6234f68d3ce250d12760a", size = 94013 },
]

[[package]]
name = "h11"
version = "0.14.0"
source = { registry = "https://pypi.org/simple" }
sdist = { url = "https://files.pythonhosted.org/packages/f5/38/3af3d3633a34a3316095b39c8e8fb4853a28a536e55d347bd8d8e9a14b03/h11-0.14.0.tar.gz", hash = "sha256:8f19fbbe99e72420ff35c00b27a34cb9937e902a8b810e2c88300c6f0a3b699d", size = 100418 }
wheels = [
    { url = "https://files.pythonhosted.org/packages/95/04/ff642e65ad6b90db43e668d70ffb6736436c7ce41fcc549f4e9472234127/h11-0.14.0-py3-none-any.whl", hash = "sha256:e3fe4ac4b851c468cc8363d500db52c2ead036020723024a109d37346efaa761", size = 58259 },
]

[[package]]
name = "idna"
version = "3.8"
source = { registry = "https://pypi.org/simple" }
sdist = { url = "https://files.pythonhosted.org/packages/e8/ac/e349c5e6d4543326c6883ee9491e3921e0d07b55fdf3cce184b40d63e72a/idna-3.8.tar.gz", hash = "sha256:d838c2c0ed6fced7693d5e8ab8e734d5f8fda53a039c0164afb0b82e771e3603", size = 189467 }
wheels = [
    { url = "https://files.pythonhosted.org/packages/22/7e/d71db821f177828df9dea8c42ac46473366f191be53080e552e628aad991/idna-3.8-py3-none-any.whl", hash = "sha256:050b4e5baadcd44d760cedbd2b8e639f2ff89bbc7a5730fcc662954303377aac", size = 66894 },
]

[[package]]
name = "pydantic"
version = "2.9.0"
source = { registry = "https://pypi.org/simple" }
dependencies = [
    { name = "annotated-types" },
    { name = "pydantic-core" },
    { name = "typing-extensions" },
    { name = "tzdata" },
]
sdist = { url = "https://files.pythonhosted.org/packages/f6/8f/3b9f7a38caa3fa0bcb3cea7ee9958e89a9a6efc0e6f51fd6096f24cac140/pydantic-2.9.0.tar.gz", hash = "sha256:c7a8a9fdf7d100afa49647eae340e2d23efa382466a8d177efcd1381e9be5598", size = 768298 }
wheels = [
    { url = "https://files.pythonhosted.org/packages/54/38/95bdb5dfcebad2c11c88f7aa2d635fe53a0b7405ef39a6850c8bced455d4/pydantic-2.9.0-py3-none-any.whl", hash = "sha256:f66a7073abd93214a20c5f7b32d56843137a7a2e70d02111f3be287035c45370", size = 434325 },
]

[[package]]
name = "pydantic-core"
version = "2.23.2"
source = { registry = "https://pypi.org/simple" }
dependencies = [
    { name = "typing-extensions" },
]
sdist = { url = "https://files.pythonhosted.org/packages/5f/03/54e4961dfaed4804fea0ad73e94d337f4ef88a635e73990d6e150b469594/pydantic_core-2.23.2.tar.gz", hash = "sha256:95d6bf449a1ac81de562d65d180af5d8c19672793c81877a2eda8fde5d08f2fd", size = 401901 }
wheels = [
    { url = "https://files.pythonhosted.org/packages/06/22/ab062eefe57579e186c1aad47d1064bf9f710717c8b35817daa94617c1f6/pydantic_core-2.23.2-cp311-cp311-macosx_10_12_x86_64.whl", hash = "sha256:7ce8e26b86a91e305858e018afc7a6e932f17428b1eaa60154bd1f7ee888b5f8", size = 1844143 },
    { url = "https://files.pythonhosted.org/packages/20/0e/f8cee28755de3cd50ba92e1daf06aac32ec949ecb072afcb49d61221d146/pydantic_core-2.23.2-cp311-cp311-macosx_11_0_arm64.whl", hash = "sha256:7e9b24cca4037a561422bf5dc52b38d390fb61f7bfff64053ce1b72f6938e6b2", size = 1787515 },
    { url = "https://files.pythonhosted.org/packages/c0/e2/8b93dffd8ebca299924bfe119896179be965c9dada4fcc81bb63bb49dad0/pydantic_core-2.23.2-cp311-cp311-manylinux_2_17_aarch64.manylinux2014_aarch64.whl", hash = "sha256:753294d42fb072aa1775bfe1a2ba1012427376718fa4c72de52005a3d2a22178", size = 1788263 },
    { url = "https://files.pythonhosted.org/packages/38/05/3a7e8682baddd5e06d9f54dadd67e2d66b8f71f79f5b46ec466fd8d110e4/pydantic_core-2.23.2-cp311-cp311-manylinux_2_17_armv7l.manylinux2014_armv7l.whl", hash = "sha256:257d6a410a0d8aeb50b4283dea39bb79b14303e0fab0f2b9d617701331ed1515", size = 1780740 },
    { url = "https://files.pythonhosted.org/packages/d2/f0/8dbf5b3a78e2dbe0b4ed8e0ac1e0de53cd8bae82800b634680c8e69a3837/pydantic_core-2.23.2-cp311-cp311-manylinux_2_17_ppc64le.manylinux2014_ppc64le.whl", hash = "sha256:c8319e0bd6a7b45ad76166cc3d5d6a36c97d0c82a196f478c3ee5346566eebfd", size = 1976823 },
    { url = "https://files.pythonhosted.org/packages/80/d2/5f3a40c0786bcc9b5bd16c2d5157dde2cf4dd7cf1c5827d82c78b935c1d3/pydantic_core-2.23.2-cp311-cp311-manylinux_2_17_s390x.manylinux2014_s390x.whl", hash = "sha256:7a05c0240f6c711eb381ac392de987ee974fa9336071fb697768dfdb151345ce", size = 2706812 },
    { url = "https://files.pythonhosted.org/packages/9b/df/d58a06e2dec5abd54167537edee959d2f8f795c44f028a205c7de47c49fe/pydantic_core-2.23.2-cp311-cp311-manylinux_2_17_x86_64.manylinux2014_x86_64.whl", hash = "sha256:8d5b0ff3218858859910295df6953d7bafac3a48d5cd18f4e3ed9999efd2245f", size = 2069873 },
    { url = "https://files.pythonhosted.org/packages/db/32/71f1042a1ebfa5bb74a9d0242ff1c79dba04d0080d69f7d49e96b1a72163/pydantic_core-2.23.2-cp311-cp311-manylinux_2_5_i686.manylinux1_i686.whl", hash = "sha256:96ef39add33ff58cd4c112cbac076726b96b98bb8f1e7f7595288dcfb2f10b57", size = 1898755 },
    { url = "https://files.pythonhosted.org/packages/61/42/7323144ec46a6141d13ee0536eda7bcde1d7c1ba0d1a551d49967dde278a/pydantic_core-2.23.2-cp311-cp311-musllinux_1_1_aarch64.whl", hash = "sha256:0102e49ac7d2df3379ef8d658d3bc59d3d769b0bdb17da189b75efa861fc07b4", size = 1964385 },
    { url = "https://files.pythonhosted.org/packages/ba/a7/8a6be2bc6e01c35a19755b100be8eaa279981e9db3fdd95afe06d4e82b87/pydantic_core-2.23.2-cp311-cp311-musllinux_1_1_x86_64.whl", hash = "sha256:a6612c2a844043e4d10a8324c54cdff0042c558eef30bd705770793d70b224aa", size = 2110118 },
    { url = "https://files.pythonhosted.org/packages/eb/6a/2885057cebaf4fe2810bb730734c5b6a4578842b6cec094852fea8513275/pydantic_core-2.23.2-cp311-none-win32.whl", hash = "sha256:caffda619099cfd4f63d48462f6aadbecee3ad9603b4b88b60cb821c1b258576", size = 1715354 },
    { url = "https://files.pythonhosted.org/packages/f3/57/d798c53c9a115fe89f118a6b2b27d21e888eb22d4b53828344ce68035431/pydantic_core-2.23.2-cp311-none-win_amd64.whl", hash = "sha256:6f80fba4af0cb1d2344869d56430e304a51396b70d46b91a55ed4959993c0589", size = 1916403 },
    { url = "https://files.pythonhosted.org/packages/8f/54/9c202171aca4a9f6596e1e2a6572ff7d707e2383a40605533c61487714a2/pydantic_core-2.23.2-cp312-cp312-macosx_10_12_x86_64.whl", hash = "sha256:4c83c64d05ffbbe12d4e8498ab72bdb05bcc1026340a4a597dc647a13c1605ec", size = 1845364 },
    { url = "https://files.pythonhosted.org/packages/9e/e3/5c29d8fa6dfabd7809fe623fd17959e1b672410681a8c3811eefa42b8051/pydantic_core-2.23.2-cp312-cp312-macosx_11_0_arm64.whl", hash = "sha256:6294907eaaccf71c076abdd1c7954e272efa39bb043161b4b8aa1cd76a16ce43", size = 1784382 },
    { url = "https://files.pythonhosted.org/packages/79/c3/4b003c9ed0f5f5e559823802ee7a3921de8aa50892bf179535d7695b2e76/pydantic_core-2.23.2-cp312-cp312-manylinux_2_17_aarch64.manylinux2014_aarch64.whl", hash = "sha256:4a801c5e1e13272e0909c520708122496647d1279d252c9e6e07dac216accc41", size = 1791189 },
    { url = "https://files.pythonhosted.org/packages/3f/3b/0c0377c5833093a1758e711387bbe5a5e30511fe9d4afe225be185527aa1/pydantic_core-2.23.2-cp312-cp312-manylinux_2_17_armv7l.manylinux2014_armv7l.whl", hash = "sha256:cc0c316fba3ce72ac3ab7902a888b9dc4979162d320823679da270c2d9ad0cad", size = 1780431 },
    { url = "https://files.pythonhosted.org/packages/4a/88/18a541e2f9cbcef4b44b90a2ba98d85e109d91bc7f3b2210d271f66e6d8f/pydantic_core-2.23.2-cp312-cp312-manylinux_2_17_ppc64le.manylinux2014_ppc64le.whl", hash = "sha256:6b06c5d4e8701ac2ba99a2ef835e4e1b187d41095a9c619c5b185c9068ed2a49", size = 1976902 },
    { url = "https://files.pythonhosted.org/packages/e3/bd/6c98ca605130ee51438d812133d04ddb403fb1a8a93490f9a1a7e269a4a7/pydantic_core-2.23.2-cp312-cp312-manylinux_2_17_s390x.manylinux2014_s390x.whl", hash = "sha256:82764c0bd697159fe9947ad59b6db6d7329e88505c8f98990eb07e84cc0a5d81", size = 2638882 },
    { url = "https://files.pythonhosted.org/packages/ad/fc/6b4f95c64bbeadaa6f84cffb51f469f6fdd61215d97b4ec8d89d027e574b/pydantic_core-2.23.2-cp312-cp312-manylinux_2_17_x86_64.manylinux2014_x86_64.whl", hash = "sha256:2b1a195efd347ede8bcf723e932300292eb13a9d2a3c1f84eb8f37cbbc905b7f", size = 2111180 },
    { url = "https://files.pythonhosted.org/packages/95/4c/d4a355237ffa3dae28c2224bea9e09d4af69f346bf7611ebb66d8e930574/pydantic_core-2.23.2-cp312-cp312-manylinux_2_5_i686.manylinux1_i686.whl", hash = "sha256:b7efb12e5071ad8d5b547487bdad489fbd4a5a35a0fc36a1941517a6ad7f23e0", size = 1904338 },
    { url = "https://files.pythonhosted.org/packages/83/d6/9f41db9ab2727a050fdac5e56a9e792260aa29e29affa98b4df8a06fd588/pydantic_core-2.23.2-cp312-cp312-musllinux_1_1_aarch64.whl", hash = "sha256:5dd0ec5f514ed40e49bf961d49cf1bc2c72e9b50f29a163b2cc9030c6742aa73", size = 1968729 },
    { url = "https://files.pythonhosted.org/packages/f8/bd/0e795ea5eaf26a96d9691faae43603e00de3dbec6339e3710652f5feae12/pydantic_core-2.23.2-cp312-cp312-musllinux_1_1_x86_64.whl", hash = "sha256:820f6ee5c06bc868335e3b6e42d7ef41f50dfb3ea32fbd523ab679d10d8741c0", size = 2120748 },
    { url = "https://files.pythonhosted.org/packages/be/7d/48ddf9f084b5de1d47c6bcccfeafe80900ceac975ebdf1fe374fd18654e5/pydantic_core-2.23.2-cp312-none-win32.whl", hash = "sha256:3713dc093d5048bfaedbba7a8dbc53e74c44a140d45ede020dc347dda18daf3f", size = 1725557 },
    { url = "https://files.pythonhosted.org/packages/e1/d7/ef3558714427b385f84e22a224c4641b4869f9031f733e83cea6f0eb0154/pydantic_core-2.23.2-cp312-none-win_amd64.whl", hash = "sha256:e1895e949f8849bc2757c0dbac28422a04be031204df46a56ab34bcf98507342", size = 1914466 },
    { url = "https://files.pythonhosted.org/packages/91/42/085e27e5c32220531bbd966c2888c74a595ac35cd7e52a71d3302d041b71/pydantic_core-2.23.2-cp313-cp313-macosx_10_12_x86_64.whl", hash = "sha256:da43cbe593e3c87d07108d0ebd73771dc414488f1f91ed2e204b0370b94b37ac", size = 1845030 },
    { url = "https://files.pythonhosted.org/packages/05/ac/3faf5fd29b221bb7c0aa4bc3fe1a763fb2d38b08d7b5961daeee96f13a8e/pydantic_core-2.23.2-cp313-cp313-macosx_11_0_arm64.whl", hash = "sha256:64d094ea1aa97c6ded4748d40886076a931a8bf6f61b6e43e4a1041769c39dd2", size = 1784493 },
    { url = "https://files.pythonhosted.org/packages/83/52/cc692fc65098904a6bdb13cc502b590d0597718069a8ffa8bfdea680657c/pydantic_core-2.23.2-cp313-cp313-manylinux_2_17_aarch64.manylinux2014_aarch64.whl", hash = "sha256:084414ffe9a85a52940b49631321d636dadf3576c30259607b75516d131fecd0", size = 1791193 },
    { url = "https://files.pythonhosted.org/packages/53/a9/d7be95020bf6a57ada1d5d18172369ad92e9779dccf9a497b22863d77dd8/pydantic_core-2.23.2-cp313-cp313-manylinux_2_17_armv7l.manylinux2014_armv7l.whl", hash = "sha256:043ef8469f72609c4c3a5e06a07a1f713d53df4d53112c6d49207c0bd3c3bd9b", size = 1780169 },
    { url = "https://files.pythonhosted.org/packages/10/42/16bee4df87a315a8ae3962e5c2251612bced849e624f850e811a2e6097da/pydantic_core-2.23.2-cp313-cp313-manylinux_2_17_ppc64le.manylinux2014_ppc64le.whl", hash = "sha256:3649bd3ae6a8ebea7dc381afb7f3c6db237fc7cebd05c8ac36ca8a4187b03b30", size = 1976946 },
    { url = "https://files.pythonhosted.org/packages/f8/04/8be7280cf309c256bd9fa124fbe15f730b9659ee87d89a40b7da14c6818f/pydantic_core-2.23.2-cp313-cp313-manylinux_2_17_s390x.manylinux2014_s390x.whl", hash = "sha256:6db09153d8438425e98cdc9a289c5fade04a5d2128faff8f227c459da21b9703", size = 2638776 },
    { url = "https://files.pythonhosted.org/packages/24/7b/e102b2073b08b36f78d7336859fe8d09e7483eded849cf12bd3db66f441d/pydantic_core-2.23.2-cp313-cp313-manylinux_2_17_x86_64.manylinux2014_x86_64.whl", hash = "sha256:5668b3173bb0b2e65020b60d83f5910a7224027232c9f5dc05a71a1deac9f960", size = 2110994 },
    { url = "https://files.pythonhosted.org/packages/90/29/ba00e3e262597203ae95c5eb81d02ce96afcda26b6960484b376a1e5ac59/pydantic_core-2.23.2-cp313-cp313-manylinux_2_5_i686.manylinux1_i686.whl", hash = "sha256:1c7b81beaf7c7ebde978377dc53679c6cba0e946426fc7ade54251dfe24a7604", size = 1904219 },
    { url = "https://files.pythonhosted.org/packages/4b/ef/3899865e9f2e30b79c1ed9498a71898f33b1ca2a08f3b1619eaee754aa85/pydantic_core-2.23.2-cp313-cp313-musllinux_1_1_aarch64.whl", hash = "sha256:ae579143826c6f05a361d9546446c432a165ecf1c0b720bbfd81152645cb897d", size = 1968804 },
    { url = "https://files.pythonhosted.org/packages/19/e9/69742d9c71d08251184584c2b99d436490c78f7487840e588394b1ce97a9/pydantic_core-2.23.2-cp313-cp313-musllinux_1_1_x86_64.whl", hash = "sha256:19f1352fe4b248cae22a89268720fc74e83f008057a652894f08fa931e77dced", size = 2120574 },
    { url = "https://files.pythonhosted.org/packages/5c/fc/7f89094bf3a645fb5b312b6ae907f3b04b6e0d1e37f6eb4c057276d80703/pydantic_core-2.23.2-cp313-none-win32.whl", hash = "sha256:e1a79ad49f346aa1a2921f31e8dbbab4d64484823e813a002679eaa46cba39e1", size = 1725472 },
    { url = "https://files.pythonhosted.org/packages/43/13/39f4b60884174a95c69e3dd196c77a1757c3857841f2567d240bcbd1cf0f/pydantic_core-2.23.2-cp313-none-win_amd64.whl", hash = "sha256:582871902e1902b3c8e9b2c347f32a792a07094110c1bca6c2ea89b90150caac", size = 1914614 },
]

[[package]]
name = "redis"
version = "5.0.8"
source = { registry = "https://pypi.org/simple" }
dependencies = [
    { name = "async-timeout", marker = "python_full_version < '3.11.3'" },
]
sdist = { url = "https://files.pythonhosted.org/packages/48/10/defc227d65ea9c2ff5244645870859865cba34da7373477c8376629746ec/redis-5.0.8.tar.gz", hash = "sha256:0c5b10d387568dfe0698c6fad6615750c24170e548ca2deac10c649d463e9870", size = 4595651 }
wheels = [
    { url = "https://files.pythonhosted.org/packages/c5/d1/19a9c76811757684a0f74adc25765c8a901d67f9f6472ac9d57c844a23c8/redis-5.0.8-py3-none-any.whl", hash = "sha256:56134ee08ea909106090934adc36f65c9bcbbaecea5b21ba704ba6fb561f8eb4", size = 255608 },
]

[[package]]
name = "sniffio"
version = "1.3.1"
source = { registry = "https://pypi.org/simple" }
sdist = { url = "https://files.pythonhosted.org/packages/a2/87/a6771e1546d97e7e041b6ae58d80074f81b7d5121207425c964ddf5cfdbd/sniffio-1.3.1.tar.gz", hash = "sha256:f4324edc670a0f49750a81b895f35c3adb843cca46f0530f79fc1babb23789dc", size = 20372 }
wheels = [
    { url = "https://files.pythonhosted.org/packages/e9/44/75a9c9421471a6c4805dbf2356f7c181a29c1879239abab1ea2cc8f38b40/sniffio-1.3.1-py3-none-any.whl", hash = "sha256:2f6da418d1f1e0fddd844478f41680e794e6051915791a034ff65e5f100525a2", size = 10235 },
]

[[package]]
name = "starlette"
version = "0.38.5"
source = { registry = "https://pypi.org/simple" }
dependencies = [
    { name = "anyio" },
]
sdist = { url = "https://files.pythonhosted.org/packages/13/aa/57975da16ca0c368bbb5687daa6ad79561c2328a44667a1d6802e94df3e5/starlette-0.38.5.tar.gz", hash = "sha256:04a92830a9b6eb1442c766199d62260c3d4dc9c4f9188360626b1e0273cb7077", size = 2569511 }
wheels = [
    { url = "https://files.pythonhosted.org/packages/90/1a/8853ba4cea1ec99535ac9be5795a50ca92cddd04d57bbaa56e866cb7548c/starlette-0.38.5-py3-none-any.whl", hash = "sha256:632f420a9d13e3ee2a6f18f437b0a9f1faecb0bc42e1942aa2ea0e379a4c4206", size = 71447 },
]

[[package]]
name = "typing-extensions"
version = "4.12.2"
source = { registry = "https://pypi.org/simple" }
sdist = { url = "https://files.pythonhosted.org/packages/df/db/f35a00659bc03fec321ba8bce9420de607a1d37f8342eee1863174c69557/typing_extensions-4.12.2.tar.gz", hash = "sha256:1a7ead55c7e559dd4dee8856e3a88b41225abfe1ce8df57b7c13915fe121ffb8", size = 85321 }
wheels = [
    { url = "https://files.pythonhosted.org/packages/26/9f/ad63fc0248c5379346306f8668cda6e2e2e9c95e01216d2b8ffd9ff037d0/typing_extensions-4.12.2-py3-none-any.whl", hash = "sha256:04e5ca0351e0f3f85c6853954072df659d0d13fac324d0072316b67d7794700d", size = 37438 },
]

[[package]]
name = "tzdata"
version = "2024.1"
source = { registry = "https://pypi.org/simple" }
sdist = { url = "https://files.pythonhosted.org/packages/74/5b/e025d02cb3b66b7b76093404392d4b44343c69101cc85f4d180dd5784717/tzdata-2024.1.tar.gz", hash = "sha256:2674120f8d891909751c38abcdfd386ac0a5a1127954fbc332af6b5ceae07efd", size = 190559 }
wheels = [
    { url = "https://files.pythonhosted.org/packages/65/58/f9c9e6be752e9fcb8b6a0ee9fb87e6e7a1f6bcab2cdc73f02bb7ba91ada0/tzdata-2024.1-py2.py3-none-any.whl", hash = "sha256:9068bc196136463f5245e51efda838afa15aaeca9903f49050dfa2679db4d252", size = 345370 },
]

[[package]]
name = "uvicorn"
version = "0.30.6"
source = { registry = "https://pypi.org/simple" }
dependencies = [
    { name = "click" },
    { name = "h11" },
]
sdist = { url = "https://files.pythonhosted.org/packages/5a/01/5e637e7aa9dd031be5376b9fb749ec20b86f5a5b6a49b87fabd374d5fa9f/uvicorn-0.30.6.tar.gz", hash = "sha256:4b15decdda1e72be08209e860a1e10e92439ad5b97cf44cc945fcbee66fc5788", size = 42825 }
wheels = [
    { url = "https://files.pythonhosted.org/packages/f5/8e/cdc7d6263db313030e4c257dd5ba3909ebc4e4fb53ad62d5f09b1a2f5458/uvicorn-0.30.6-py3-none-any.whl", hash = "sha256:65fd46fe3fda5bdc1b03b94eb634923ff18cd35b2f084813ea79d1f103f711b5", size = 62835 },
]
